// !$*UTF8*$!
{
	archiveVersion = 1;
	classes = {
	};
	objectVersion = 50;
	objects = {

/* Begin PBXBuildFile section */
		C214DD1722369E1C007BDB3D /* Solving.swift in Sources */ = {isa = PBXBuildFile; fileRef = C214DD1622369E1C007BDB3D /* Solving.swift */; };
		C214DD1A22369E7E007BDB3D /* Evaluation.swift in Sources */ = {isa = PBXBuildFile; fileRef = C214DD1922369E7E007BDB3D /* Evaluation.swift */; };
		C214DD1C22369FDA007BDB3D /* Computed Properties.swift in Sources */ = {isa = PBXBuildFile; fileRef = C214DD1B22369FDA007BDB3D /* Computed Properties.swift */; };
		C214DD1E2236A02B007BDB3D /* Operators.swift in Sources */ = {isa = PBXBuildFile; fileRef = C214DD1D2236A02B007BDB3D /* Operators.swift */; };
		C214DD202236A0A5007BDB3D /* Simplification.swift in Sources */ = {isa = PBXBuildFile; fileRef = C214DD1F2236A0A5007BDB3D /* Simplification.swift */; };
		C214DD222236A1BF007BDB3D /* Contains Methods.swift in Sources */ = {isa = PBXBuildFile; fileRef = C214DD212236A1BF007BDB3D /* Contains Methods.swift */; };
		C214DD252236A229007BDB3D /* Equatable.swift in Sources */ = {isa = PBXBuildFile; fileRef = C214DD242236A229007BDB3D /* Equatable.swift */; };
		C214DD272236A254007BDB3D /* CustomStringConvertible.swift in Sources */ = {isa = PBXBuildFile; fileRef = C214DD262236A254007BDB3D /* CustomStringConvertible.swift */; };
		C214DD2A2236A281007BDB3D /* Latex.swift in Sources */ = {isa = PBXBuildFile; fileRef = C214DD292236A281007BDB3D /* Latex.swift */; };
		C214DD2C2236A28B007BDB3D /* Literal Description.swift in Sources */ = {isa = PBXBuildFile; fileRef = C214DD2B2236A28B007BDB3D /* Literal Description.swift */; };
		C214DD2E2236A318007BDB3D /* ExpressibleByIntegerLiteral.swift in Sources */ = {isa = PBXBuildFile; fileRef = C214DD2D2236A318007BDB3D /* ExpressibleByIntegerLiteral.swift */; };
		C22F8AAA22203EF500F2E358 /* Regex Extensions.swift in Sources */ = {isa = PBXBuildFile; fileRef = C22F8AA922203EF500F2E358 /* Regex Extensions.swift */; };
		C22F8AB0222053C000F2E358 /* Quick Regex Functions.swift in Sources */ = {isa = PBXBuildFile; fileRef = C22F8AAF222053C000F2E358 /* Quick Regex Functions.swift */; };
		C22F8AB22224C0F500F2E358 /* Operator.swift in Sources */ = {isa = PBXBuildFile; fileRef = C22F8AB12224C0F500F2E358 /* Operator.swift */; };
		C22F8AB72224C2D400F2E358 /* StringProtocol.swift in Sources */ = {isa = PBXBuildFile; fileRef = C22F8AB62224C2D400F2E358 /* StringProtocol.swift */; };
		C22F8ABB2224C2FF00F2E358 /* NSTextCheckingResult.swift in Sources */ = {isa = PBXBuildFile; fileRef = C22F8ABA2224C2FF00F2E358 /* NSTextCheckingResult.swift */; };
		C22F8ABD2224C31C00F2E358 /* Collection.swift in Sources */ = {isa = PBXBuildFile; fileRef = C22F8ABC2224C31C00F2E358 /* Collection.swift */; };
		C22F8ABF2224C3F800F2E358 /* String Integer Subscript.swift in Sources */ = {isa = PBXBuildFile; fileRef = C22F8ABE2224C3F800F2E358 /* String Integer Subscript.swift */; };
		C22F8AC72224C77400F2E358 /* String.swift in Sources */ = {isa = PBXBuildFile; fileRef = C22F8AC62224C77400F2E358 /* String.swift */; };
		C22F8EF3222ED2B3009897F8 /* Either.swift in Sources */ = {isa = PBXBuildFile; fileRef = C22F8EF2222ED2B3009897F8 /* Either.swift */; };
		C23E83D62225F7DC00A52F16 /* Benchmarking.swift in Sources */ = {isa = PBXBuildFile; fileRef = C23E83D52225F7DC00A52F16 /* Benchmarking.swift */; };
		C24A985B22336DF100F512E3 /* Simplification.swift in Sources */ = {isa = PBXBuildFile; fileRef = C24A985A22336DF100F512E3 /* Simplification.swift */; };
		C25562B4222885A70029EDC7 /* Numeric Functions.swift in Sources */ = {isa = PBXBuildFile; fileRef = C25562B3222885A70029EDC7 /* Numeric Functions.swift */; };
		C25562B62228885C0029EDC7 /* Expression.swift in Sources */ = {isa = PBXBuildFile; fileRef = C25562B52228885C0029EDC7 /* Expression.swift */; };
		C29C907D221CAEBF00C85804 /* main.swift in Sources */ = {isa = PBXBuildFile; fileRef = C29C907C221CAEBF00C85804 /* main.swift */; };
/* End PBXBuildFile section */

/* Begin PBXCopyFilesBuildPhase section */
		C29C9077221CAEBF00C85804 /* CopyFiles */ = {
			isa = PBXCopyFilesBuildPhase;
			buildActionMask = 2147483647;
			dstPath = /usr/share/man/man1/;
			dstSubfolderSpec = 0;
			files = (
			);
			runOnlyForDeploymentPostprocessing = 1;
		};
/* End PBXCopyFilesBuildPhase section */

/* Begin PBXFileReference section */
		C214DD1622369E1C007BDB3D /* Solving.swift */ = {isa = PBXFileReference; lastKnownFileType = sourcecode.swift; path = Solving.swift; sourceTree = "<group>"; };
		C214DD1922369E7E007BDB3D /* Evaluation.swift */ = {isa = PBXFileReference; lastKnownFileType = sourcecode.swift; path = Evaluation.swift; sourceTree = "<group>"; };
		C214DD1B22369FDA007BDB3D /* Computed Properties.swift */ = {isa = PBXFileReference; lastKnownFileType = sourcecode.swift; path = "Computed Properties.swift"; sourceTree = "<group>"; };
		C214DD1D2236A02B007BDB3D /* Operators.swift */ = {isa = PBXFileReference; lastKnownFileType = sourcecode.swift; path = Operators.swift; sourceTree = "<group>"; };
		C214DD1F2236A0A5007BDB3D /* Simplification.swift */ = {isa = PBXFileReference; lastKnownFileType = sourcecode.swift; path = Simplification.swift; sourceTree = "<group>"; };
		C214DD212236A1BF007BDB3D /* Contains Methods.swift */ = {isa = PBXFileReference; lastKnownFileType = sourcecode.swift; path = "Contains Methods.swift"; sourceTree = "<group>"; };
		C214DD242236A229007BDB3D /* Equatable.swift */ = {isa = PBXFileReference; lastKnownFileType = sourcecode.swift; path = Equatable.swift; sourceTree = "<group>"; };
		C214DD262236A254007BDB3D /* CustomStringConvertible.swift */ = {isa = PBXFileReference; lastKnownFileType = sourcecode.swift; path = CustomStringConvertible.swift; sourceTree = "<group>"; };
		C214DD292236A281007BDB3D /* Latex.swift */ = {isa = PBXFileReference; lastKnownFileType = sourcecode.swift; path = Latex.swift; sourceTree = "<group>"; };
		C214DD2B2236A28B007BDB3D /* Literal Description.swift */ = {isa = PBXFileReference; lastKnownFileType = sourcecode.swift; path = "Literal Description.swift"; sourceTree = "<group>"; };
		C214DD2D2236A318007BDB3D /* ExpressibleByIntegerLiteral.swift */ = {isa = PBXFileReference; lastKnownFileType = sourcecode.swift; path = ExpressibleByIntegerLiteral.swift; sourceTree = "<group>"; };
		C22F8AA922203EF500F2E358 /* Regex Extensions.swift */ = {isa = PBXFileReference; lastKnownFileType = sourcecode.swift; path = "Regex Extensions.swift"; sourceTree = "<group>"; };
		C22F8AAF222053C000F2E358 /* Quick Regex Functions.swift */ = {isa = PBXFileReference; lastKnownFileType = sourcecode.swift; path = "Quick Regex Functions.swift"; sourceTree = "<group>"; };
		C22F8AB12224C0F500F2E358 /* Operator.swift */ = {isa = PBXFileReference; lastKnownFileType = sourcecode.swift; path = Operator.swift; sourceTree = "<group>"; };
		C22F8AB62224C2D400F2E358 /* StringProtocol.swift */ = {isa = PBXFileReference; lastKnownFileType = sourcecode.swift; path = StringProtocol.swift; sourceTree = "<group>"; };
		C22F8ABA2224C2FF00F2E358 /* NSTextCheckingResult.swift */ = {isa = PBXFileReference; lastKnownFileType = sourcecode.swift; path = NSTextCheckingResult.swift; sourceTree = "<group>"; };
		C22F8ABC2224C31C00F2E358 /* Collection.swift */ = {isa = PBXFileReference; lastKnownFileType = sourcecode.swift; path = Collection.swift; sourceTree = "<group>"; };
		C22F8ABE2224C3F800F2E358 /* String Integer Subscript.swift */ = {isa = PBXFileReference; lastKnownFileType = sourcecode.swift; path = "String Integer Subscript.swift"; sourceTree = "<group>"; };
		C22F8AC62224C77400F2E358 /* String.swift */ = {isa = PBXFileReference; lastKnownFileType = sourcecode.swift; path = String.swift; sourceTree = "<group>"; };
		C22F8EF2222ED2B3009897F8 /* Either.swift */ = {isa = PBXFileReference; lastKnownFileType = sourcecode.swift; path = Either.swift; sourceTree = "<group>"; };
		C23E83D52225F7DC00A52F16 /* Benchmarking.swift */ = {isa = PBXFileReference; lastKnownFileType = sourcecode.swift; path = Benchmarking.swift; sourceTree = "<group>"; };
		C24A985A22336DF100F512E3 /* Simplification.swift */ = {isa = PBXFileReference; lastKnownFileType = sourcecode.swift; path = Simplification.swift; sourceTree = "<group>"; };
		C25562B3222885A70029EDC7 /* Numeric Functions.swift */ = {isa = PBXFileReference; lastKnownFileType = sourcecode.swift; path = "Numeric Functions.swift"; sourceTree = "<group>"; };
		C25562B52228885C0029EDC7 /* Expression.swift */ = {isa = PBXFileReference; lastKnownFileType = sourcecode.swift; path = Expression.swift; sourceTree = "<group>"; };
		C29C9079221CAEBF00C85804 /* Expression Evaluator */ = {isa = PBXFileReference; explicitFileType = "compiled.mach-o.executable"; includeInIndex = 0; path = "Expression Evaluator"; sourceTree = BUILT_PRODUCTS_DIR; };
		C29C907C221CAEBF00C85804 /* main.swift */ = {isa = PBXFileReference; lastKnownFileType = sourcecode.swift; path = main.swift; sourceTree = "<group>"; };
/* End PBXFileReference section */

/* Begin PBXFrameworksBuildPhase section */
		C29C9076221CAEBF00C85804 /* Frameworks */ = {
			isa = PBXFrameworksBuildPhase;
			buildActionMask = 2147483647;
			files = (
			);
			runOnlyForDeploymentPostprocessing = 0;
		};
/* End PBXFrameworksBuildPhase section */

/* Begin PBXGroup section */
		C214DD1822369E23007BDB3D /* Expression */ = {
			isa = PBXGroup;
			children = (
				C214DD282236A26E007BDB3D /* String Representations */,
				C214DD232236A21B007BDB3D /* Conformances */,
				C214DD1622369E1C007BDB3D /* Solving.swift */,
				C214DD1922369E7E007BDB3D /* Evaluation.swift */,
				C214DD1B22369FDA007BDB3D /* Computed Properties.swift */,
				C214DD1D2236A02B007BDB3D /* Operators.swift */,
				C214DD1F2236A0A5007BDB3D /* Simplification.swift */,
				C214DD212236A1BF007BDB3D /* Contains Methods.swift */,
			);
			path = Expression;
			sourceTree = "<group>";
		};
		C214DD232236A21B007BDB3D /* Conformances */ = {
			isa = PBXGroup;
			children = (
				C214DD242236A229007BDB3D /* Equatable.swift */,
				C214DD262236A254007BDB3D /* CustomStringConvertible.swift */,
				C214DD2D2236A318007BDB3D /* ExpressibleByIntegerLiteral.swift */,
			);
			path = Conformances;
			sourceTree = "<group>";
		};
		C214DD282236A26E007BDB3D /* String Representations */ = {
			isa = PBXGroup;
			children = (
				C214DD292236A281007BDB3D /* Latex.swift */,
				C214DD2B2236A28B007BDB3D /* Literal Description.swift */,
			);
			path = "String Representations";
			sourceTree = "<group>";
		};
		C22F8AB52224C2BD00F2E358 /* Extensions */ = {
			isa = PBXGroup;
			children = (
				C22F8AB62224C2D400F2E358 /* StringProtocol.swift */,
				C22F8AC62224C77400F2E358 /* String.swift */,
				C22F8ABE2224C3F800F2E358 /* String Integer Subscript.swift */,
				C22F8ABA2224C2FF00F2E358 /* NSTextCheckingResult.swift */,
				C22F8ABC2224C31C00F2E358 /* Collection.swift */,
			);
			path = Extensions;
			sourceTree = "<group>";
		};
		C22F8AC42224C63300F2E358 /* Types */ = {
			isa = PBXGroup;
			children = (
				C22F8AB12224C0F500F2E358 /* Operator.swift */,
				C22F8EF2222ED2B3009897F8 /* Either.swift */,
			);
			path = Types;
			sourceTree = "<group>";
		};
		C22F8AC52224C65000F2E358 /* Regular Expressions */ = {
			isa = PBXGroup;
			children = (
				C22F8AA922203EF500F2E358 /* Regex Extensions.swift */,
				C22F8AAF222053C000F2E358 /* Quick Regex Functions.swift */,
			);
			path = "Regular Expressions";
			sourceTree = "<group>";
		};
		C23E83D42225F7C300A52F16 /* Other */ = {
			isa = PBXGroup;
			children = (
				C24A985A22336DF100F512E3 /* Simplification.swift */,
				C25562B3222885A70029EDC7 /* Numeric Functions.swift */,
				C23E83D52225F7DC00A52F16 /* Benchmarking.swift */,
			);
			path = Other;
			sourceTree = "<group>";
		};
		C29C9070221CAEBF00C85804 = {
			isa = PBXGroup;
			children = (
				C29C907B221CAEBF00C85804 /* Expression Evaluator */,
				C29C907A221CAEBF00C85804 /* Products */,
			);
			sourceTree = "<group>";
		};
		C29C907A221CAEBF00C85804 /* Products */ = {
			isa = PBXGroup;
			children = (
				C29C9079221CAEBF00C85804 /* Expression Evaluator */,
			);
			name = Products;
			sourceTree = "<group>";
		};
		C29C907B221CAEBF00C85804 /* Expression Evaluator */ = {
			isa = PBXGroup;
			children = (
				C29C907C221CAEBF00C85804 /* main.swift */,
				C25562B52228885C0029EDC7 /* Expression.swift */,
				C214DD1822369E23007BDB3D /* Expression */,
				C22F8AC42224C63300F2E358 /* Types */,
				C22F8AB52224C2BD00F2E358 /* Extensions */,
				C23E83D42225F7C300A52F16 /* Other */,
				C22F8AC52224C65000F2E358 /* Regular Expressions */,
			);
			path = "Expression Evaluator";
			sourceTree = "<group>";
		};
/* End PBXGroup section */

/* Begin PBXNativeTarget section */
		C29C9078221CAEBF00C85804 /* Expression Evaluator */ = {
			isa = PBXNativeTarget;
			buildConfigurationList = C29C9080221CAEBF00C85804 /* Build configuration list for PBXNativeTarget "Expression Evaluator" */;
			buildPhases = (
				C29C9075221CAEBF00C85804 /* Sources */,
				C29C9076221CAEBF00C85804 /* Frameworks */,
				C29C9077221CAEBF00C85804 /* CopyFiles */,
			);
			buildRules = (
			);
			dependencies = (
			);
			name = "Expression Evaluator";
			productName = "Expression Evaluator";
			productReference = C29C9079221CAEBF00C85804 /* Expression Evaluator */;
			productType = "com.apple.product-type.tool";
		};
/* End PBXNativeTarget section */

/* Begin PBXProject section */
		C29C9071221CAEBF00C85804 /* Project object */ = {
			isa = PBXProject;
			attributes = {
				LastSwiftUpdateCheck = 1010;
				LastUpgradeCheck = 1010;
				ORGANIZATIONNAME = "Noah Wilder";
				TargetAttributes = {
					C29C9078221CAEBF00C85804 = {
						CreatedOnToolsVersion = 10.1;
					};
				};
			};
			buildConfigurationList = C29C9074221CAEBF00C85804 /* Build configuration list for PBXProject "Expression Evaluator" */;
			compatibilityVersion = "Xcode 9.3";
			developmentRegion = en;
			hasScannedForEncodings = 0;
			knownRegions = (
				en,
			);
			mainGroup = C29C9070221CAEBF00C85804;
			productRefGroup = C29C907A221CAEBF00C85804 /* Products */;
			projectDirPath = "";
			projectRoot = "";
			targets = (
				C29C9078221CAEBF00C85804 /* Expression Evaluator */,
			);
		};
/* End PBXProject section */

/* Begin PBXSourcesBuildPhase section */
		C29C9075221CAEBF00C85804 /* Sources */ = {
			isa = PBXSourcesBuildPhase;
			buildActionMask = 2147483647;
			files = (
				C22F8AB72224C2D400F2E358 /* StringProtocol.swift in Sources */,
				C22F8ABD2224C31C00F2E358 /* Collection.swift in Sources */,
				C29C907D221CAEBF00C85804 /* main.swift in Sources */,
				C214DD1A22369E7E007BDB3D /* Evaluation.swift in Sources */,
				C214DD222236A1BF007BDB3D /* Contains Methods.swift in Sources */,
				C214DD272236A254007BDB3D /* CustomStringConvertible.swift in Sources */,
				C22F8ABB2224C2FF00F2E358 /* NSTextCheckingResult.swift in Sources */,
				C214DD252236A229007BDB3D /* Equatable.swift in Sources */,
				C214DD202236A0A5007BDB3D /* Simplification.swift in Sources */,
				C22F8AB0222053C000F2E358 /* Quick Regex Functions.swift in Sources */,
				C25562B62228885C0029EDC7 /* Expression.swift in Sources */,
				C214DD1C22369FDA007BDB3D /* Computed Properties.swift in Sources */,
				C214DD1722369E1C007BDB3D /* Solving.swift in Sources */,
				C25562B4222885A70029EDC7 /* Numeric Functions.swift in Sources */,
				C22F8EF3222ED2B3009897F8 /* Either.swift in Sources */,
				C214DD2A2236A281007BDB3D /* Latex.swift in Sources */,
				C24A985B22336DF100F512E3 /* Simplification.swift in Sources */,
				C22F8AC72224C77400F2E358 /* String.swift in Sources */,
				C214DD2E2236A318007BDB3D /* ExpressibleByIntegerLiteral.swift in Sources */,
				C22F8ABF2224C3F800F2E358 /* String Integer Subscript.swift in Sources */,
				C22F8AB22224C0F500F2E358 /* Operator.swift in Sources */,
				C23E83D62225F7DC00A52F16 /* Benchmarking.swift in Sources */,
				C214DD2C2236A28B007BDB3D /* Literal Description.swift in Sources */,
				C22F8AAA22203EF500F2E358 /* Regex Extensions.swift in Sources */,
				C214DD1E2236A02B007BDB3D /* Operators.swift in Sources */,
			);
			runOnlyForDeploymentPostprocessing = 0;
		};
/* End PBXSourcesBuildPhase section */

/* Begin XCBuildConfiguration section */
		C29C907E221CAEBF00C85804 /* Debug */ = {
			isa = XCBuildConfiguration;
			buildSettings = {
				ALWAYS_SEARCH_USER_PATHS = NO;
				CLANG_ANALYZER_NONNULL = YES;
				CLANG_ANALYZER_NUMBER_OBJECT_CONVERSION = YES_AGGRESSIVE;
				CLANG_CXX_LANGUAGE_STANDARD = "gnu++14";
				CLANG_CXX_LIBRARY = "libc++";
				CLANG_ENABLE_MODULES = YES;
				CLANG_ENABLE_OBJC_ARC = YES;
				CLANG_ENABLE_OBJC_WEAK = YES;
				CLANG_WARN_BLOCK_CAPTURE_AUTORELEASING = YES;
				CLANG_WARN_BOOL_CONVERSION = YES;
				CLANG_WARN_COMMA = YES;
				CLANG_WARN_CONSTANT_CONVERSION = YES;
				CLANG_WARN_DEPRECATED_OBJC_IMPLEMENTATIONS = YES;
				CLANG_WARN_DIRECT_OBJC_ISA_USAGE = YES_ERROR;
				CLANG_WARN_DOCUMENTATION_COMMENTS = YES;
				CLANG_WARN_EMPTY_BODY = YES;
				CLANG_WARN_ENUM_CONVERSION = YES;
				CLANG_WARN_INFINITE_RECURSION = YES;
				CLANG_WARN_INT_CONVERSION = YES;
				CLANG_WARN_NON_LITERAL_NULL_CONVERSION = YES;
				CLANG_WARN_OBJC_IMPLICIT_RETAIN_SELF = YES;
				CLANG_WARN_OBJC_LITERAL_CONVERSION = YES;
				CLANG_WARN_OBJC_ROOT_CLASS = YES_ERROR;
				CLANG_WARN_RANGE_LOOP_ANALYSIS = YES;
				CLANG_WARN_STRICT_PROTOTYPES = YES;
				CLANG_WARN_SUSPICIOUS_MOVE = YES;
				CLANG_WARN_UNGUARDED_AVAILABILITY = YES_AGGRESSIVE;
				CLANG_WARN_UNREACHABLE_CODE = YES;
				CLANG_WARN__DUPLICATE_METHOD_MATCH = YES;
				CODE_SIGN_IDENTITY = "Mac Developer";
				COPY_PHASE_STRIP = NO;
				DEBUG_INFORMATION_FORMAT = dwarf;
				ENABLE_STRICT_OBJC_MSGSEND = YES;
				ENABLE_TESTABILITY = YES;
				GCC_C_LANGUAGE_STANDARD = gnu11;
				GCC_DYNAMIC_NO_PIC = NO;
				GCC_NO_COMMON_BLOCKS = YES;
				GCC_OPTIMIZATION_LEVEL = 0;
				GCC_PREPROCESSOR_DEFINITIONS = (
					"DEBUG=1",
					"$(inherited)",
				);
				GCC_WARN_64_TO_32_BIT_CONVERSION = YES;
				GCC_WARN_ABOUT_RETURN_TYPE = YES_ERROR;
				GCC_WARN_UNDECLARED_SELECTOR = YES;
				GCC_WARN_UNINITIALIZED_AUTOS = YES_AGGRESSIVE;
				GCC_WARN_UNUSED_FUNCTION = YES;
				GCC_WARN_UNUSED_VARIABLE = YES;
				MACOSX_DEPLOYMENT_TARGET = 10.14;
				MTL_ENABLE_DEBUG_INFO = INCLUDE_SOURCE;
				MTL_FAST_MATH = YES;
				ONLY_ACTIVE_ARCH = YES;
				SDKROOT = macosx;
				SWIFT_ACTIVE_COMPILATION_CONDITIONS = DEBUG;
				SWIFT_OPTIMIZATION_LEVEL = "-Onone";
			};
			name = Debug;
		};
		C29C907F221CAEBF00C85804 /* Release */ = {
			isa = XCBuildConfiguration;
			buildSettings = {
				ALWAYS_SEARCH_USER_PATHS = NO;
				CLANG_ANALYZER_NONNULL = YES;
				CLANG_ANALYZER_NUMBER_OBJECT_CONVERSION = YES_AGGRESSIVE;
				CLANG_CXX_LANGUAGE_STANDARD = "gnu++14";
				CLANG_CXX_LIBRARY = "libc++";
				CLANG_ENABLE_MODULES = YES;
				CLANG_ENABLE_OBJC_ARC = YES;
				CLANG_ENABLE_OBJC_WEAK = YES;
				CLANG_WARN_BLOCK_CAPTURE_AUTORELEASING = YES;
				CLANG_WARN_BOOL_CONVERSION = YES;
				CLANG_WARN_COMMA = YES;
				CLANG_WARN_CONSTANT_CONVERSION = YES;
				CLANG_WARN_DEPRECATED_OBJC_IMPLEMENTATIONS = YES;
				CLANG_WARN_DIRECT_OBJC_ISA_USAGE = YES_ERROR;
				CLANG_WARN_DOCUMENTATION_COMMENTS = YES;
				CLANG_WARN_EMPTY_BODY = YES;
				CLANG_WARN_ENUM_CONVERSION = YES;
				CLANG_WARN_INFINITE_RECURSION = YES;
				CLANG_WARN_INT_CONVERSION = YES;
				CLANG_WARN_NON_LITERAL_NULL_CONVERSION = YES;
				CLANG_WARN_OBJC_IMPLICIT_RETAIN_SELF = YES;
				CLANG_WARN_OBJC_LITERAL_CONVERSION = YES;
				CLANG_WARN_OBJC_ROOT_CLASS = YES_ERROR;
				CLANG_WARN_RANGE_LOOP_ANALYSIS = YES;
				CLANG_WARN_STRICT_PROTOTYPES = YES;
				CLANG_WARN_SUSPICIOUS_MOVE = YES;
				CLANG_WARN_UNGUARDED_AVAILABILITY = YES_AGGRESSIVE;
				CLANG_WARN_UNREACHABLE_CODE = YES;
				CLANG_WARN__DUPLICATE_METHOD_MATCH = YES;
				CODE_SIGN_IDENTITY = "Mac Developer";
				COPY_PHASE_STRIP = NO;
				DEBUG_INFORMATION_FORMAT = "dwarf-with-dsym";
				ENABLE_NS_ASSERTIONS = NO;
				ENABLE_STRICT_OBJC_MSGSEND = YES;
				GCC_C_LANGUAGE_STANDARD = gnu11;
				GCC_NO_COMMON_BLOCKS = YES;
				GCC_WARN_64_TO_32_BIT_CONVERSION = YES;
				GCC_WARN_ABOUT_RETURN_TYPE = YES_ERROR;
				GCC_WARN_UNDECLARED_SELECTOR = YES;
				GCC_WARN_UNINITIALIZED_AUTOS = YES_AGGRESSIVE;
				GCC_WARN_UNUSED_FUNCTION = YES;
				GCC_WARN_UNUSED_VARIABLE = YES;
				MACOSX_DEPLOYMENT_TARGET = 10.14;
				MTL_ENABLE_DEBUG_INFO = NO;
				MTL_FAST_MATH = YES;
				SDKROOT = macosx;
				SWIFT_COMPILATION_MODE = wholemodule;
				SWIFT_OPTIMIZATION_LEVEL = "-O";
			};
			name = Release;
		};
		C29C9081221CAEBF00C85804 /* Debug */ = {
			isa = XCBuildConfiguration;
			buildSettings = {
				CODE_SIGN_STYLE = Automatic;
				DEVELOPMENT_TEAM = JPFSXG2FT6;
				PRODUCT_NAME = "$(TARGET_NAME)";
				SWIFT_VERSION = 4.2;
			};
			name = Debug;
		};
		C29C9082221CAEBF00C85804 /* Release */ = {
			isa = XCBuildConfiguration;
			buildSettings = {
				CODE_SIGN_STYLE = Automatic;
				DEVELOPMENT_TEAM = JPFSXG2FT6;
				PRODUCT_NAME = "$(TARGET_NAME)";
				SWIFT_VERSION = 4.2;
			};
			name = Release;
		};
/* End XCBuildConfiguration section */

/* Begin XCConfigurationList section */
		C29C9074221CAEBF00C85804 /* Build configuration list for PBXProject "Expression Evaluator" */ = {
			isa = XCConfigurationList;
			buildConfigurations = (
				C29C907E221CAEBF00C85804 /* Debug */,
				C29C907F221CAEBF00C85804 /* Release */,
			);
			defaultConfigurationIsVisible = 0;
			defaultConfigurationName = Release;
		};
		C29C9080221CAEBF00C85804 /* Build configuration list for PBXNativeTarget "Expression Evaluator" */ = {
			isa = XCConfigurationList;
			buildConfigurations = (
				C29C9081221CAEBF00C85804 /* Debug */,
				C29C9082221CAEBF00C85804 /* Release */,
			);
			defaultConfigurationIsVisible = 0;
			defaultConfigurationName = Release;
		};
/* End XCConfigurationList section */
	};
	rootObject = C29C9071221CAEBF00C85804 /* Project object */;
}
